# THIS IS AN AUTOGENERATED FILE. DO NOT EDIT THIS FILE DIRECTLY.
# yarn lockfile v1


"@fontsource-variable/saira@5.0.2":
  version "5.0.2"
  resolved "https://registry.yarnpkg.com/@fontsource-variable/saira/-/saira-5.0.2.tgz#0a1a2cb009502b4d372facbd29131a0f26d2e723"
  integrity sha512-i1g1UHLLTwTwqzDQdZdjaokmHmO2LQ1qyekMRGN3QqTetMLRm0erasJkduydO4pbl7Fa6crYetbj2rl9X32Yxg==
